
Microsoft Visual Studio Solution File, Format Version 12.00
# Visual Studio Version 17
VisualStudioVersion = 17.14.36518.9
MinimumVisualStudioVersion = 10.0.40219.1
Project("{FAE04EC0-301F-11D3-BF4B-00C04F79EFBC}") = "PatientRegistration", "ASP.NETFirstAssignment\PatientRegistration.csproj", "{1C479106-952F-4B91-BF28-33EC53636237}"
EndProject
Project("{FAE04EC0-301F-11D3-BF4B-00C04F79EFBC}") = "ProfessorApp", "ProfessorApp\ProfessorApp.csproj", "{CA92AB8D-1146-4ADF-AB00-B250B6D37A70}"
EndProject
Global
	GlobalSection(SolutionConfigurationPlatforms) = preSolution
		Debug|Any CPU = Debug|Any CPU
		Release|Any CPU = Release|Any CPU
	EndGlobalSection
	GlobalSection(ProjectConfigurationPlatforms) = postSolution
		{1C479106-952F-4B91-BF28-33EC53636237}.Debug|Any CPU.ActiveCfg = Debug|Any CPU
		{1C479106-952F-4B91-BF28-33EC53636237}.Debug|Any CPU.Build.0 = Debug|Any CPU
		{1C479106-952F-4B91-BF28-33EC53636237}.Release|Any CPU.ActiveCfg = Release|Any CPU
		{1C479106-952F-4B91-BF28-33EC53636237}.Release|Any CPU.Build.0 = Release|Any CPU
		{CA92AB8D-1146-4ADF-AB00-B250B6D37A70}.Debug|Any CPU.ActiveCfg = Debug|Any CPU
		{CA92AB8D-1146-4ADF-AB00-B250B6D37A70}.Debug|Any CPU.Build.0 = Debug|Any CPU
		{CA92AB8D-1146-4ADF-AB00-B250B6D37A70}.Release|Any CPU.ActiveCfg = Release|Any CPU
		{CA92AB8D-1146-4ADF-AB00-B250B6D37A70}.Release|Any CPU.Build.0 = Release|Any CPU
	EndGlobalSection
	GlobalSection(SolutionProperties) = preSolution
		HideSolutionNode = FALSE
	EndGlobalSection
	GlobalSection(ExtensibilityGlobals) = postSolution
		SolutionGuid = {847AD505-31E0-449D-B280-62040D94777E}
	EndGlobalSection
EndGlobal
